// !$*UTF8*$!
{
	archiveVersion = 1;
	classes = {
	};
	objectVersion = 50;
	objects = {

/* Begin PBXBuildFile section */
		036B84C92144B45F00966DC1 /* AppDelegate.swift in Sources */ = {isa = PBXBuildFile; fileRef = 036B84C82144B45F00966DC1 /* AppDelegate.swift */; };
		036B84CB2144B45F00966DC1 /* ContactListViewController.swift in Sources */ = {isa = PBXBuildFile; fileRef = 036B84CA2144B45F00966DC1 /* ContactListViewController.swift */; };
		036B84CE2144B45F00966DC1 /* Main.storyboard in Resources */ = {isa = PBXBuildFile; fileRef = 036B84CC2144B45F00966DC1 /* Main.storyboard */; };
		036B84D02144B46100966DC1 /* Assets.xcassets in Resources */ = {isa = PBXBuildFile; fileRef = 036B84CF2144B46100966DC1 /* Assets.xcassets */; };
		036B84D32144B46100966DC1 /* LaunchScreen.storyboard in Resources */ = {isa = PBXBuildFile; fileRef = 036B84D12144B46100966DC1 /* LaunchScreen.storyboard */; };
		036B84DB2144BA3000966DC1 /* Contact.swift in Sources */ = {isa = PBXBuildFile; fileRef = 036B84DA2144BA3000966DC1 /* Contact.swift */; };
		036B84DD2144BB3F00966DC1 /* ContactDatabase.swift in Sources */ = {isa = PBXBuildFile; fileRef = 036B84DC2144BB3F00966DC1 /* ContactDatabase.swift */; };
		036B84DF2144C03000966DC1 /* AddContactViewController.swift in Sources */ = {isa = PBXBuildFile; fileRef = 036B84DE2144C03000966DC1 /* AddContactViewController.swift */; };
		036B84E12144CB6500966DC1 /* ContactDetailViewController.swift in Sources */ = {isa = PBXBuildFile; fileRef = 036B84E02144CB6500966DC1 /* ContactDetailViewController.swift */; };
		03C5D11621458ED50054E5C8 /* SegueIdentifier.swift in Sources */ = {isa = PBXBuildFile; fileRef = 03C5D11521458ED50054E5C8 /* SegueIdentifier.swift */; };
		03C5D118214592D80054E5C8 /* UIImageViewExtensions.swift in Sources */ = {isa = PBXBuildFile; fileRef = 03C5D117214592D80054E5C8 /* UIImageViewExtensions.swift */; };
/* End PBXBuildFile section */

/* Begin PBXFileReference section */
		036B84C52144B45F00966DC1 /* contact-list.app */ = {isa = PBXFileReference; explicitFileType = wrapper.application; includeInIndex = 0; path = "contact-list.app"; sourceTree = BUILT_PRODUCTS_DIR; };
		036B84C82144B45F00966DC1 /* AppDelegate.swift */ = {isa = PBXFileReference; lastKnownFileType = sourcecode.swift; path = AppDelegate.swift; sourceTree = "<group>"; };
		036B84CA2144B45F00966DC1 /* ContactListViewController.swift */ = {isa = PBXFileReference; lastKnownFileType = sourcecode.swift; path = ContactListViewController.swift; sourceTree = "<group>"; };
		036B84CD2144B45F00966DC1 /* Base */ = {isa = PBXFileReference; lastKnownFileType = file.storyboard; name = Base; path = Base.lproj/Main.storyboard; sourceTree = "<group>"; };
		036B84CF2144B46100966DC1 /* Assets.xcassets */ = {isa = PBXFileReference; lastKnownFileType = folder.assetcatalog; path = Assets.xcassets; sourceTree = "<group>"; };
		036B84D22144B46100966DC1 /* Base */ = {isa = PBXFileReference; lastKnownFileType = file.storyboard; name = Base; path = Base.lproj/LaunchScreen.storyboard; sourceTree = "<group>"; };
		036B84D42144B46100966DC1 /* Info.plist */ = {isa = PBXFileReference; lastKnownFileType = text.plist.xml; path = Info.plist; sourceTree = "<group>"; };
		036B84DA2144BA3000966DC1 /* Contact.swift */ = {isa = PBXFileReference; lastKnownFileType = sourcecode.swift; path = Contact.swift; sourceTree = "<group>"; };
		036B84DC2144BB3F00966DC1 /* ContactDatabase.swift */ = {isa = PBXFileReference; lastKnownFileType = sourcecode.swift; path = ContactDatabase.swift; sourceTree = "<group>"; };
		036B84DE2144C03000966DC1 /* AddContactViewController.swift */ = {isa = PBXFileReference; lastKnownFileType = sourcecode.swift; path = AddContactViewController.swift; sourceTree = "<group>"; };
		036B84E02144CB6500966DC1 /* ContactDetailViewController.swift */ = {isa = PBXFileReference; lastKnownFileType = sourcecode.swift; path = ContactDetailViewController.swift; sourceTree = "<group>"; };
		03C5D11521458ED50054E5C8 /* SegueIdentifier.swift */ = {isa = PBXFileReference; lastKnownFileType = sourcecode.swift; path = SegueIdentifier.swift; sourceTree = "<group>"; };
		03C5D117214592D80054E5C8 /* UIImageViewExtensions.swift */ = {isa = PBXFileReference; lastKnownFileType = sourcecode.swift; path = UIImageViewExtensions.swift; sourceTree = "<group>"; };
/* End PBXFileReference section */

/* Begin PBXFrameworksBuildPhase section */
		036B84C22144B45F00966DC1 /* Frameworks */ = {
			isa = PBXFrameworksBuildPhase;
			buildActionMask = 2147483647;
			files = (
			);
			runOnlyForDeploymentPostprocessing = 0;
		};
/* End PBXFrameworksBuildPhase section */

/* Begin PBXGroup section */
		036B84BC2144B45F00966DC1 = {
			isa = PBXGroup;
			children = (
				036B84C72144B45F00966DC1 /* contact-list */,
				036B84C62144B45F00966DC1 /* Products */,
			);
			sourceTree = "<group>";
		};
		036B84C62144B45F00966DC1 /* Products */ = {
			isa = PBXGroup;
			children = (
				036B84C52144B45F00966DC1 /* contact-list.app */,
			);
			name = Products;
			sourceTree = "<group>";
		};
		036B84C72144B45F00966DC1 /* contact-list */ = {
			isa = PBXGroup;
			children = (
				036B84C82144B45F00966DC1 /* AppDelegate.swift */,
				036B84CA2144B45F00966DC1 /* ContactListViewController.swift */,
				036B84E02144CB6500966DC1 /* ContactDetailViewController.swift */,
				036B84DE2144C03000966DC1 /* AddContactViewController.swift */,
				036B84DA2144BA3000966DC1 /* Contact.swift */,
				036B84DC2144BB3F00966DC1 /* ContactDatabase.swift */,
				03C5D11521458ED50054E5C8 /* SegueIdentifier.swift */,
				03C5D117214592D80054E5C8 /* UIImageViewExtensions.swift */,
				036B84CC2144B45F00966DC1 /* Main.storyboard */,
				036B84CF2144B46100966DC1 /* Assets.xcassets */,
				036B84D12144B46100966DC1 /* LaunchScreen.storyboard */,
				036B84D42144B46100966DC1 /* Info.plist */,
			);
			path = "contact-list";
			sourceTree = "<group>";
		};
/* End PBXGroup section */

/* Begin PBXNativeTarget section */
		036B84C42144B45F00966DC1 /* contact-list */ = {
			isa = PBXNativeTarget;
			buildConfigurationList = 036B84D72144B46100966DC1 /* Build configuration list for PBXNativeTarget "contact-list" */;
			buildPhases = (
				036B84C12144B45F00966DC1 /* Sources */,
				036B84C22144B45F00966DC1 /* Frameworks */,
				036B84C32144B45F00966DC1 /* Resources */,
			);
			buildRules = (
			);
			dependencies = (
			);
			name = "contact-list";
			productName = "contact-list";
			productReference = 036B84C52144B45F00966DC1 /* contact-list.app */;
			productType = "com.apple.product-type.application";
		};
/* End PBXNativeTarget section */

/* Begin PBXProject section */
		036B84BD2144B45F00966DC1 /* Project object */ = {
			isa = PBXProject;
			attributes = {
				LastSwiftUpdateCheck = 0940;
				LastUpgradeCheck = 0940;
				ORGANIZATIONNAME = "Erika Carlson";
				TargetAttributes = {
					036B84C42144B45F00966DC1 = {
						CreatedOnToolsVersion = 9.4.1;
					};
				};
			};
			buildConfigurationList = 036B84C02144B45F00966DC1 /* Build configuration list for PBXProject "contact-list" */;
			compatibilityVersion = "Xcode 9.3";
			developmentRegion = en;
			hasScannedForEncodings = 0;
			knownRegions = (
				en,
				Base,
			);
			mainGroup = 036B84BC2144B45F00966DC1;
			productRefGroup = 036B84C62144B45F00966DC1 /* Products */;
			projectDirPath = "";
			projectRoot = "";
			targets = (
				036B84C42144B45F00966DC1 /* contact-list */,
			);
		};
/* End PBXProject section */

/* Begin PBXResourcesBuildPhase section */
		036B84C32144B45F00966DC1 /* Resources */ = {
			isa = PBXResourcesBuildPhase;
			buildActionMask = 2147483647;
			files = (
				036B84D32144B46100966DC1 /* LaunchScreen.storyboard in Resources */,
				036B84D02144B46100966DC1 /* Assets.xcassets in Resources */,
				036B84CE2144B45F00966DC1 /* Main.storyboard in Resources */,
			);
			runOnlyForDeploymentPostprocessing = 0;
		};
/* End PBXResourcesBuildPhase section */

/* Begin PBXSourcesBuildPhase section */
		036B84C12144B45F00966DC1 /* Sources */ = {
			isa = PBXSourcesBuildPhase;
			buildActionMask = 2147483647;
			files = (
				036B84DF2144C03000966DC1 /* AddContactViewController.swift in Sources */,
				036B84DB2144BA3000966DC1 /* Contact.swift in Sources */,
				03C5D118214592D80054E5C8 /* UIImageViewExtensions.swift in Sources */,
				036B84DD2144BB3F00966DC1 /* ContactDatabase.swift in Sources */,
				03C5D11621458ED50054E5C8 /* SegueIdentifier.swift in Sources */,
				036B84CB2144B45F00966DC1 /* ContactListViewController.swift in Sources */,
				036B84E12144CB6500966DC1 /* ContactDetailViewController.swift in Sources */,
				036B84C92144B45F00966DC1 /* AppDelegate.swift in Sources */,
			);
			runOnlyForDeploymentPostprocessing = 0;
		};
/* End PBXSourcesBuildPhase section */

/* Begin PBXVariantGroup section */
		036B84CC2144B45F00966DC1 /* Main.storyboard */ = {
			isa = PBXVariantGroup;
			children = (
				036B84CD2144B45F00966DC1 /* Base */,
			);
			name = Main.storyboard;
			sourceTree = "<group>";
		};
		036B84D12144B46100966DC1 /* LaunchScreen.storyboard */ = {
			isa = PBXVariantGroup;
			children = (
				036B84D22144B46100966DC1 /* Base */,
			);
			name = LaunchScreen.storyboard;
			sourceTree = "<group>";
		};
/* End PBXVariantGroup section */

/* Begin XCBuildConfiguration section */
		036B84D52144B46100966DC1 /* Debug */ = {
			isa = XCBuildConfiguration;
			buildSettings = {
				ALWAYS_SEARCH_USER_PATHS = NO;
				CLANG_ANALYZER_NONNULL = YES;
				CLANG_ANALYZER_NUMBER_OBJECT_CONVERSION = YES_AGGRESSIVE;
				CLANG_CXX_LANGUAGE_STANDARD = "gnu++14";
				CLANG_CXX_LIBRARY = "libc++";
				CLANG_ENABLE_MODULES = YES;
				CLANG_ENABLE_OBJC_ARC = YES;
				CLANG_ENABLE_OBJC_WEAK = YES;
				CLANG_WARN_BLOCK_CAPTURE_AUTORELEASING = YES;
				CLANG_WARN_BOOL_CONVERSION = YES;
				CLANG_WARN_COMMA = YES;
				CLANG_WARN_CONSTANT_CONVERSION = YES;
				CLANG_WARN_DEPRECATED_OBJC_IMPLEMENTATIONS = YES;
				CLANG_WARN_DIRECT_OBJC_ISA_USAGE = YES_ERROR;
				CLANG_WARN_DOCUMENTATION_COMMENTS = YES;
				CLANG_WARN_EMPTY_BODY = YES;
				CLANG_WARN_ENUM_CONVERSION = YES;
				CLANG_WARN_INFINITE_RECURSION = YES;
				CLANG_WARN_INT_CONVERSION = YES;
				CLANG_WARN_NON_LITERAL_NULL_CONVERSION = YES;
				CLANG_WARN_OBJC_IMPLICIT_RETAIN_SELF = YES;
				CLANG_WARN_OBJC_LITERAL_CONVERSION = YES;
				CLANG_WARN_OBJC_ROOT_CLASS = YES_ERROR;
				CLANG_WARN_RANGE_LOOP_ANALYSIS = YES;
				CLANG_WARN_STRICT_PROTOTYPES = YES;
				CLANG_WARN_SUSPICIOUS_MOVE = YES;
				CLANG_WARN_UNGUARDED_AVAILABILITY = YES_AGGRESSIVE;
				CLANG_WARN_UNREACHABLE_CODE = YES;
				CLANG_WARN__DUPLICATE_METHOD_MATCH = YES;
				CODE_SIGN_IDENTITY = "iPhone Developer";
				COPY_PHASE_STRIP = NO;
				DEBUG_INFORMATION_FORMAT = dwarf;
				ENABLE_STRICT_OBJC_MSGSEND = YES;
				ENABLE_TESTABILITY = YES;
				GCC_C_LANGUAGE_STANDARD = gnu11;
				GCC_DYNAMIC_NO_PIC = NO;
				GCC_NO_COMMON_BLOCKS = YES;
				GCC_OPTIMIZATION_LEVEL = 0;
				GCC_PREPROCESSOR_DEFINITIONS = (
					"DEBUG=1",
					"$(inherited)",
				);
				GCC_WARN_64_TO_32_BIT_CONVERSION = YES;
				GCC_WARN_ABOUT_RETURN_TYPE = YES_ERROR;
				GCC_WARN_UNDECLARED_SELECTOR = YES;
				GCC_WARN_UNINITIALIZED_AUTOS = YES_AGGRESSIVE;
				GCC_WARN_UNUSED_FUNCTION = YES;
				GCC_WARN_UNUSED_VARIABLE = YES;
				IPHONEOS_DEPLOYMENT_TARGET = 11.4;
				MTL_ENABLE_DEBUG_INFO = YES;
				ONLY_ACTIVE_ARCH = YES;
				SDKROOT = iphoneos;
				SWIFT_ACTIVE_COMPILATION_CONDITIONS = DEBUG;
				SWIFT_OPTIMIZATION_LEVEL = "-Onone";
			};
			name = Debug;
		};
		036B84D62144B46100966DC1 /* Release */ = {
			isa = XCBuildConfiguration;
			buildSettings = {
				ALWAYS_SEARCH_USER_PATHS = NO;
				CLANG_ANALYZER_NONNULL = YES;
				CLANG_ANALYZER_NUMBER_OBJECT_CONVERSION = YES_AGGRESSIVE;
				CLANG_CXX_LANGUAGE_STANDARD = "gnu++14";
				CLANG_CXX_LIBRARY = "libc++";
				CLANG_ENABLE_MODULES = YES;
				CLANG_ENABLE_OBJC_ARC = YES;
				CLANG_ENABLE_OBJC_WEAK = YES;
				CLANG_WARN_BLOCK_CAPTURE_AUTORELEASING = YES;
				CLANG_WARN_BOOL_CONVERSION = YES;
				CLANG_WARN_COMMA = YES;
				CLANG_WARN_CONSTANT_CONVERSION = YES;
				CLANG_WARN_DEPRECATED_OBJC_IMPLEMENTATIONS = YES;
				CLANG_WARN_DIRECT_OBJC_ISA_USAGE = YES_ERROR;
				CLANG_WARN_DOCUMENTATION_COMMENTS = YES;
				CLANG_WARN_EMPTY_BODY = YES;
				CLANG_WARN_ENUM_CONVERSION = YES;
				CLANG_WARN_INFINITE_RECURSION = YES;
				CLANG_WARN_INT_CONVERSION = YES;
				CLANG_WARN_NON_LITERAL_NULL_CONVERSION = YES;
				CLANG_WARN_OBJC_IMPLICIT_RETAIN_SELF = YES;
				CLANG_WARN_OBJC_LITERAL_CONVERSION = YES;
				CLANG_WARN_OBJC_ROOT_CLASS = YES_ERROR;
				CLANG_WARN_RANGE_LOOP_ANALYSIS = YES;
				CLANG_WARN_STRICT_PROTOTYPES = YES;
				CLANG_WARN_SUSPICIOUS_MOVE = YES;
				CLANG_WARN_UNGUARDED_AVAILABILITY = YES_AGGRESSIVE;
				CLANG_WARN_UNREACHABLE_CODE = YES;
				CLANG_WARN__DUPLICATE_METHOD_MATCH = YES;
				CODE_SIGN_IDENTITY = "iPhone Developer";
				COPY_PHASE_STRIP = NO;
				DEBUG_INFORMATION_FORMAT = "dwarf-with-dsym";
				ENABLE_NS_ASSERTIONS = NO;
				ENABLE_STRICT_OBJC_MSGSEND = YES;
				GCC_C_LANGUAGE_STANDARD = gnu11;
				GCC_NO_COMMON_BLOCKS = YES;
				GCC_WARN_64_TO_32_BIT_CONVERSION = YES;
				GCC_WARN_ABOUT_RETURN_TYPE = YES_ERROR;
				GCC_WARN_UNDECLARED_SELECTOR = YES;
				GCC_WARN_UNINITIALIZED_AUTOS = YES_AGGRESSIVE;
				GCC_WARN_UNUSED_FUNCTION = YES;
				GCC_WARN_UNUSED_VARIABLE = YES;
				IPHONEOS_DEPLOYMENT_TARGET = 11.4;
				MTL_ENABLE_DEBUG_INFO = NO;
				SDKROOT = iphoneos;
				SWIFT_COMPILATION_MODE = wholemodule;
				SWIFT_OPTIMIZATION_LEVEL = "-O";
				VALIDATE_PRODUCT = YES;
			};
			name = Release;
		};
		036B84D82144B46100966DC1 /* Debug */ = {
			isa = XCBuildConfiguration;
			buildSettings = {
				ASSETCATALOG_COMPILER_APPICON_NAME = AppIcon;
				CODE_SIGN_STYLE = Automatic;
				INFOPLIST_FILE = "contact-list/Info.plist";
				LD_RUNPATH_SEARCH_PATHS = (
					"$(inherited)",
					"@executable_path/Frameworks",
				);
				PRODUCT_BUNDLE_IDENTIFIER = "com.detroitlabs.contact-list";
				PRODUCT_NAME = "$(TARGET_NAME)";
				SWIFT_VERSION = 4.0;
				TARGETED_DEVICE_FAMILY = "1,2";
			};
			name = Debug;
		};
		036B84D92144B46100966DC1 /* Release */ = {
			isa = XCBuildConfiguration;
			buildSettings = {
				ASSETCATALOG_COMPILER_APPICON_NAME = AppIcon;
				CODE_SIGN_STYLE = Automatic;
				INFOPLIST_FILE = "contact-list/Info.plist";
				LD_RUNPATH_SEARCH_PATHS = (
					"$(inherited)",
					"@executable_path/Frameworks",
				);
				PRODUCT_BUNDLE_IDENTIFIER = "com.detroitlabs.contact-list";
				PRODUCT_NAME = "$(TARGET_NAME)";
				SWIFT_VERSION = 4.0;
				TARGETED_DEVICE_FAMILY = "1,2";
			};
			name = Release;
		};
/* End XCBuildConfiguration section */

/* Begin XCConfigurationList section */
		036B84C02144B45F00966DC1 /* Build configuration list for PBXProject "contact-list" */ = {
			isa = XCConfigurationList;
			buildConfigurations = (
				036B84D52144B46100966DC1 /* Debug */,
				036B84D62144B46100966DC1 /* Release */,
			);
			defaultConfigurationIsVisible = 0;
			defaultConfigurationName = Release;
		};
		036B84D72144B46100966DC1 /* Build configuration list for PBXNativeTarget "contact-list" */ = {
			isa = XCConfigurationList;
			buildConfigurations = (
				036B84D82144B46100966DC1 /* Debug */,
				036B84D92144B46100966DC1 /* Release */,
			);
			defaultConfigurationIsVisible = 0;
			defaultConfigurationName = Release;
		};
/* End XCConfigurationList section */
	};
	rootObject = 036B84BD2144B45F00966DC1 /* Project object */;
}
